// !$*UTF8*$!
{
	archiveVersion = 1;
	classes = {
	};
	objectVersion = 56;
	objects = {

/* Begin PBXBuildFile section */
		576E63E72B8700AF009CA8A1 /* RealityKitContent in Frameworks */ = {isa = PBXBuildFile; productRef = 576E63E62B8700AF009CA8A1 /* RealityKitContent */; };
		576E63E92B8700AF009CA8A1 /* Real3DPineappleApp.swift in Sources */ = {isa = PBXBuildFile; fileRef = 576E63E82B8700AF009CA8A1 /* Real3DPineappleApp.swift */; };
		576E63EB2B8700AF009CA8A1 /* ContentView.swift in Sources */ = {isa = PBXBuildFile; fileRef = 576E63EA2B8700AF009CA8A1 /* ContentView.swift */; };
		576E63ED2B8700AF009CA8A1 /* ImmersiveView.swift in Sources */ = {isa = PBXBuildFile; fileRef = 576E63EC2B8700AF009CA8A1 /* ImmersiveView.swift */; };
		576E63EF2B8700B0009CA8A1 /* Assets.xcassets in Resources */ = {isa = PBXBuildFile; fileRef = 576E63EE2B8700B0009CA8A1 /* Assets.xcassets */; };
		576E63F22B8700B0009CA8A1 /* Preview Assets.xcassets in Resources */ = {isa = PBXBuildFile; fileRef = 576E63F12B8700B0009CA8A1 /* Preview Assets.xcassets */; };
		576E63FA2B87012B009CA8A1 /* pineapple.usdz in Resources */ = {isa = PBXBuildFile; fileRef = 576E63F92B87012B009CA8A1 /* pineapple.usdz */; };
/* End PBXBuildFile section */

/* Begin PBXFileReference section */
		576E63E12B8700AF009CA8A1 /* Real3DPineapple.app */ = {isa = PBXFileReference; explicitFileType = wrapper.application; includeInIndex = 0; path = Real3DPineapple.app; sourceTree = BUILT_PRODUCTS_DIR; };
		576E63E52B8700AF009CA8A1 /* RealityKitContent */ = {isa = PBXFileReference; lastKnownFileType = wrapper; path = RealityKitContent; sourceTree = "<group>"; };
		576E63E82B8700AF009CA8A1 /* Real3DPineappleApp.swift */ = {isa = PBXFileReference; lastKnownFileType = sourcecode.swift; path = Real3DPineappleApp.swift; sourceTree = "<group>"; };
		576E63EA2B8700AF009CA8A1 /* ContentView.swift */ = {isa = PBXFileReference; lastKnownFileType = sourcecode.swift; path = ContentView.swift; sourceTree = "<group>"; };
		576E63EC2B8700AF009CA8A1 /* ImmersiveView.swift */ = {isa = PBXFileReference; lastKnownFileType = sourcecode.swift; path = ImmersiveView.swift; sourceTree = "<group>"; };
		576E63EE2B8700B0009CA8A1 /* Assets.xcassets */ = {isa = PBXFileReference; lastKnownFileType = folder.assetcatalog; path = Assets.xcassets; sourceTree = "<group>"; };
		576E63F12B8700B0009CA8A1 /* Preview Assets.xcassets */ = {isa = PBXFileReference; lastKnownFileType = folder.assetcatalog; path = "Preview Assets.xcassets"; sourceTree = "<group>"; };
		576E63F32B8700B0009CA8A1 /* Info.plist */ = {isa = PBXFileReference; lastKnownFileType = text.plist.xml; path = Info.plist; sourceTree = "<group>"; };
		576E63F92B87012B009CA8A1 /* pineapple.usdz */ = {isa = PBXFileReference; lastKnownFileType = file.usdz; path = pineapple.usdz; sourceTree = "<group>"; };
/* End PBXFileReference section */

/* Begin PBXFrameworksBuildPhase section */
		576E63DE2B8700AF009CA8A1 /* Frameworks */ = {
			isa = PBXFrameworksBuildPhase;
			buildActionMask = 2147483647;
			files = (
				576E63E72B8700AF009CA8A1 /* RealityKitContent in Frameworks */,
			);
			runOnlyForDeploymentPostprocessing = 0;
		};
/* End PBXFrameworksBuildPhase section */

/* Begin PBXGroup section */
		576E63D82B8700AF009CA8A1 = {
			isa = PBXGroup;
			children = (
				576E63E32B8700AF009CA8A1 /* Real3DPineapple */,
				576E63E42B8700AF009CA8A1 /* Packages */,
				576E63E22B8700AF009CA8A1 /* Products */,
			);
			sourceTree = "<group>";
		};
		576E63E22B8700AF009CA8A1 /* Products */ = {
			isa = PBXGroup;
			children = (
				576E63E12B8700AF009CA8A1 /* Real3DPineapple.app */,
			);
			name = Products;
			sourceTree = "<group>";
		};
		576E63E32B8700AF009CA8A1 /* Real3DPineapple */ = {
			isa = PBXGroup;
			children = (
				576E63F92B87012B009CA8A1 /* pineapple.usdz */,
				576E63E82B8700AF009CA8A1 /* Real3DPineappleApp.swift */,
				576E63EA2B8700AF009CA8A1 /* ContentView.swift */,
				576E63EC2B8700AF009CA8A1 /* ImmersiveView.swift */,
				576E63EE2B8700B0009CA8A1 /* Assets.xcassets */,
				576E63F32B8700B0009CA8A1 /* Info.plist */,
				576E63F02B8700B0009CA8A1 /* Preview Content */,
			);
			path = Real3DPineapple;
			sourceTree = "<group>";
		};
		576E63E42B8700AF009CA8A1 /* Packages */ = {
			isa = PBXGroup;
			children = (
				576E63E52B8700AF009CA8A1 /* RealityKitContent */,
			);
			path = Packages;
			sourceTree = "<group>";
		};
		576E63F02B8700B0009CA8A1 /* Preview Content */ = {
			isa = PBXGroup;
			children = (
				576E63F12B8700B0009CA8A1 /* Preview Assets.xcassets */,
			);
			path = "Preview Content";
			sourceTree = "<group>";
		};
/* End PBXGroup section */

/* Begin PBXNativeTarget section */
		576E63E02B8700AF009CA8A1 /* Real3DPineapple */ = {
			isa = PBXNativeTarget;
			buildConfigurationList = 576E63F62B8700B0009CA8A1 /* Build configuration list for PBXNativeTarget "Real3DPineapple" */;
			buildPhases = (
				576E63DD2B8700AF009CA8A1 /* Sources */,
				576E63DE2B8700AF009CA8A1 /* Frameworks */,
				576E63DF2B8700AF009CA8A1 /* Resources */,
			);
			buildRules = (
			);
			dependencies = (
			);
			name = Real3DPineapple;
			packageProductDependencies = (
				576E63E62B8700AF009CA8A1 /* RealityKitContent */,
			);
			productName = Real3DPineapple;
			productReference = 576E63E12B8700AF009CA8A1 /* Real3DPineapple.app */;
			productType = "com.apple.product-type.application";
		};
/* End PBXNativeTarget section */

/* Begin PBXProject section */
		576E63D92B8700AF009CA8A1 /* Project object */ = {
			isa = PBXProject;
			attributes = {
				BuildIndependentTargetsInParallel = 1;
				LastSwiftUpdateCheck = 1520;
				LastUpgradeCheck = 1520;
				TargetAttributes = {
					576E63E02B8700AF009CA8A1 = {
						CreatedOnToolsVersion = 15.2;
					};
				};
			};
			buildConfigurationList = 576E63DC2B8700AF009CA8A1 /* Build configuration list for PBXProject "Real3DPineapple" */;
			compatibilityVersion = "Xcode 14.0";
			developmentRegion = en;
			hasScannedForEncodings = 0;
			knownRegions = (
				en,
				Base,
			);
			mainGroup = 576E63D82B8700AF009CA8A1;
			productRefGroup = 576E63E22B8700AF009CA8A1 /* Products */;
			projectDirPath = "";
			projectRoot = "";
			targets = (
				576E63E02B8700AF009CA8A1 /* Real3DPineapple */,
			);
		};
/* End PBXProject section */

/* Begin PBXResourcesBuildPhase section */
		576E63DF2B8700AF009CA8A1 /* Resources */ = {
			isa = PBXResourcesBuildPhase;
			buildActionMask = 2147483647;
			files = (
				576E63FA2B87012B009CA8A1 /* pineapple.usdz in Resources */,
				576E63F22B8700B0009CA8A1 /* Preview Assets.xcassets in Resources */,
				576E63EF2B8700B0009CA8A1 /* Assets.xcassets in Resources */,
			);
			runOnlyForDeploymentPostprocessing = 0;
		};
/* End PBXResourcesBuildPhase section */

/* Begin PBXSourcesBuildPhase section */
		576E63DD2B8700AF009CA8A1 /* Sources */ = {
			isa = PBXSourcesBuildPhase;
			buildActionMask = 2147483647;
			files = (
				576E63EB2B8700AF009CA8A1 /* ContentView.swift in Sources */,
				576E63E92B8700AF009CA8A1 /* Real3DPineappleApp.swift in Sources */,
				576E63ED2B8700AF009CA8A1 /* ImmersiveView.swift in Sources */,
			);
			runOnlyForDeploymentPostprocessing = 0;
		};
/* End PBXSourcesBuildPhase section */

/* Begin XCBuildConfiguration section */
		576E63F42B8700B0009CA8A1 /* Debug */ = {
			isa = XCBuildConfiguration;
			buildSettings = {
				ALWAYS_SEARCH_USER_PATHS = NO;
				ASSETCATALOG_COMPILER_GENERATE_SWIFT_ASSET_SYMBOL_EXTENSIONS = YES;
				CLANG_ANALYZER_NONNULL = YES;
				CLANG_ANALYZER_NUMBER_OBJECT_CONVERSION = YES_AGGRESSIVE;
				CLANG_CXX_LANGUAGE_STANDARD = "gnu++20";
				CLANG_ENABLE_MODULES = YES;
				CLANG_ENABLE_OBJC_ARC = YES;
				CLANG_ENABLE_OBJC_WEAK = YES;
				CLANG_WARN_BLOCK_CAPTURE_AUTORELEASING = YES;
				CLANG_WARN_BOOL_CONVERSION = YES;
				CLANG_WARN_COMMA = YES;
				CLANG_WARN_CONSTANT_CONVERSION = YES;
				CLANG_WARN_DEPRECATED_OBJC_IMPLEMENTATIONS = YES;
				CLANG_WARN_DIRECT_OBJC_ISA_USAGE = YES_ERROR;
				CLANG_WARN_DOCUMENTATION_COMMENTS = YES;
				CLANG_WARN_EMPTY_BODY = YES;
				CLANG_WARN_ENUM_CONVERSION = YES;
				CLANG_WARN_INFINITE_RECURSION = YES;
				CLANG_WARN_INT_CONVERSION = YES;
				CLANG_WARN_NON_LITERAL_NULL_CONVERSION = YES;
				CLANG_WARN_OBJC_IMPLICIT_RETAIN_SELF = YES;
				CLANG_WARN_OBJC_LITERAL_CONVERSION = YES;
				CLANG_WARN_OBJC_ROOT_CLASS = YES_ERROR;
				CLANG_WARN_QUOTED_INCLUDE_IN_FRAMEWORK_HEADER = YES;
				CLANG_WARN_RANGE_LOOP_ANALYSIS = YES;
				CLANG_WARN_STRICT_PROTOTYPES = YES;
				CLANG_WARN_SUSPICIOUS_MOVE = YES;
				CLANG_WARN_UNGUARDED_AVAILABILITY = YES_AGGRESSIVE;
				CLANG_WARN_UNREACHABLE_CODE = YES;
				CLANG_WARN__DUPLICATE_METHOD_MATCH = YES;
				COPY_PHASE_STRIP = NO;
				DEBUG_INFORMATION_FORMAT = dwarf;
				ENABLE_STRICT_OBJC_MSGSEND = YES;
				ENABLE_TESTABILITY = YES;
				ENABLE_USER_SCRIPT_SANDBOXING = YES;
				GCC_C_LANGUAGE_STANDARD = gnu17;
				GCC_DYNAMIC_NO_PIC = NO;
				GCC_NO_COMMON_BLOCKS = YES;
				GCC_OPTIMIZATION_LEVEL = 0;
				GCC_PREPROCESSOR_DEFINITIONS = (
					"DEBUG=1",
					"$(inherited)",
				);
				GCC_WARN_64_TO_32_BIT_CONVERSION = YES;
				GCC_WARN_ABOUT_RETURN_TYPE = YES_ERROR;
				GCC_WARN_UNDECLARED_SELECTOR = YES;
				GCC_WARN_UNINITIALIZED_AUTOS = YES_AGGRESSIVE;
				GCC_WARN_UNUSED_FUNCTION = YES;
				GCC_WARN_UNUSED_VARIABLE = YES;
				LOCALIZATION_PREFERS_STRING_CATALOGS = YES;
				MTL_ENABLE_DEBUG_INFO = INCLUDE_SOURCE;
				MTL_FAST_MATH = YES;
				ONLY_ACTIVE_ARCH = YES;
				SDKROOT = xros;
				SWIFT_ACTIVE_COMPILATION_CONDITIONS = "DEBUG $(inherited)";
				SWIFT_OPTIMIZATION_LEVEL = "-Onone";
				XROS_DEPLOYMENT_TARGET = 1.0;
			};
			name = Debug;
		};
		576E63F52B8700B0009CA8A1 /* Release */ = {
			isa = XCBuildConfiguration;
			buildSettings = {
				ALWAYS_SEARCH_USER_PATHS = NO;
				ASSETCATALOG_COMPILER_GENERATE_SWIFT_ASSET_SYMBOL_EXTENSIONS = YES;
				CLANG_ANALYZER_NONNULL = YES;
				CLANG_ANALYZER_NUMBER_OBJECT_CONVERSION = YES_AGGRESSIVE;
				CLANG_CXX_LANGUAGE_STANDARD = "gnu++20";
				CLANG_ENABLE_MODULES = YES;
				CLANG_ENABLE_OBJC_ARC = YES;
				CLANG_ENABLE_OBJC_WEAK = YES;
				CLANG_WARN_BLOCK_CAPTURE_AUTORELEASING = YES;
				CLANG_WARN_BOOL_CONVERSION = YES;
				CLANG_WARN_COMMA = YES;
				CLANG_WARN_CONSTANT_CONVERSION = YES;
				CLANG_WARN_DEPRECATED_OBJC_IMPLEMENTATIONS = YES;
				CLANG_WARN_DIRECT_OBJC_ISA_USAGE = YES_ERROR;
				CLANG_WARN_DOCUMENTATION_COMMENTS = YES;
				CLANG_WARN_EMPTY_BODY = YES;
				CLANG_WARN_ENUM_CONVERSION = YES;
				CLANG_WARN_INFINITE_RECURSION = YES;
				CLANG_WARN_INT_CONVERSION = YES;
				CLANG_WARN_NON_LITERAL_NULL_CONVERSION = YES;
				CLANG_WARN_OBJC_IMPLICIT_RETAIN_SELF = YES;
				CLANG_WARN_OBJC_LITERAL_CONVERSION = YES;
				CLANG_WARN_OBJC_ROOT_CLASS = YES_ERROR;
				CLANG_WARN_QUOTED_INCLUDE_IN_FRAMEWORK_HEADER = YES;
				CLANG_WARN_RANGE_LOOP_ANALYSIS = YES;
				CLANG_WARN_STRICT_PROTOTYPES = YES;
				CLANG_WARN_SUSPICIOUS_MOVE = YES;
				CLANG_WARN_UNGUARDED_AVAILABILITY = YES_AGGRESSIVE;
				CLANG_WARN_UNREACHABLE_CODE = YES;
				CLANG_WARN__DUPLICATE_METHOD_MATCH = YES;
				COPY_PHASE_STRIP = NO;
				DEBUG_INFORMATION_FORMAT = "dwarf-with-dsym";
				ENABLE_NS_ASSERTIONS = NO;
				ENABLE_STRICT_OBJC_MSGSEND = YES;
				ENABLE_USER_SCRIPT_SANDBOXING = YES;
				GCC_C_LANGUAGE_STANDARD = gnu17;
				GCC_NO_COMMON_BLOCKS = YES;
				GCC_WARN_64_TO_32_BIT_CONVERSION = YES;
				GCC_WARN_ABOUT_RETURN_TYPE = YES_ERROR;
				GCC_WARN_UNDECLARED_SELECTOR = YES;
				GCC_WARN_UNINITIALIZED_AUTOS = YES_AGGRESSIVE;
				GCC_WARN_UNUSED_FUNCTION = YES;
				GCC_WARN_UNUSED_VARIABLE = YES;
				LOCALIZATION_PREFERS_STRING_CATALOGS = YES;
				MTL_ENABLE_DEBUG_INFO = NO;
				MTL_FAST_MATH = YES;
				SDKROOT = xros;
				SWIFT_COMPILATION_MODE = wholemodule;
				VALIDATE_PRODUCT = YES;
				XROS_DEPLOYMENT_TARGET = 1.0;
			};
			name = Release;
		};
		576E63F72B8700B0009CA8A1 /* Debug */ = {
			isa = XCBuildConfiguration;
			buildSettings = {
				ASSETCATALOG_COMPILER_APPICON_NAME = AppIcon;
				ASSETCATALOG_COMPILER_GLOBAL_ACCENT_COLOR_NAME = AccentColor;
				CODE_SIGN_STYLE = Automatic;
				CURRENT_PROJECT_VERSION = 1;
				DEVELOPMENT_ASSET_PATHS = "\"Real3DPineapple/Preview Content\"";
				DEVELOPMENT_TEAM = CZM74H4965;
				ENABLE_PREVIEWS = YES;
				GENERATE_INFOPLIST_FILE = YES;
				INFOPLIST_FILE = "$(TARGET_NAME)/Info.plist";
				LD_RUNPATH_SEARCH_PATHS = (
					"$(inherited)",
					"@executable_path/Frameworks",
				);
				MARKETING_VERSION = 1.0;
				PRODUCT_BUNDLE_IDENTIFIER = fourteeneighteen.Real3DPineapple;
				PRODUCT_NAME = "$(TARGET_NAME)";
				SUPPORTED_PLATFORMS = "xros xrsimulator";
				SWIFT_EMIT_LOC_STRINGS = YES;
				SWIFT_VERSION = 5.0;
				TARGETED_DEVICE_FAMILY = "1,2,7";
			};
			name = Debug;
		};
		576E63F82B8700B0009CA8A1 /* Release */ = {
			isa = XCBuildConfiguration;
			buildSettings = {
				ASSETCATALOG_COMPILER_APPICON_NAME = AppIcon;
				ASSETCATALOG_COMPILER_GLOBAL_ACCENT_COLOR_NAME = AccentColor;
				CODE_SIGN_STYLE = Automatic;
				CURRENT_PROJECT_VERSION = 1;
				DEVELOPMENT_ASSET_PATHS = "\"Real3DPineapple/Preview Content\"";
				DEVELOPMENT_TEAM = CZM74H4965;
				ENABLE_PREVIEWS = YES;
				GENERATE_INFOPLIST_FILE = YES;
				INFOPLIST_FILE = "$(TARGET_NAME)/Info.plist";
				LD_RUNPATH_SEARCH_PATHS = (
					"$(inherited)",
					"@executable_path/Frameworks",
				);
				MARKETING_VERSION = 1.0;
				PRODUCT_BUNDLE_IDENTIFIER = fourteeneighteen.Real3DPineapple;
				PRODUCT_NAME = "$(TARGET_NAME)";
				SUPPORTED_PLATFORMS = "xros xrsimulator";
				SWIFT_EMIT_LOC_STRINGS = YES;
				SWIFT_VERSION = 5.0;
				TARGETED_DEVICE_FAMILY = "1,2,7";
			};
			name = Release;
		};
/* End XCBuildConfiguration section */

/* Begin XCConfigurationList section */
		576E63DC2B8700AF009CA8A1 /* Build configuration list for PBXProject "Real3DPineapple" */ = {
			isa = XCConfigurationList;
			buildConfigurations = (
				576E63F42B8700B0009CA8A1 /* Debug */,
				576E63F52B8700B0009CA8A1 /* Release */,
			);
			defaultConfigurationIsVisible = 0;
			defaultConfigurationName = Release;
		};
		576E63F62B8700B0009CA8A1 /* Build configuration list for PBXNativeTarget "Real3DPineapple" */ = {
			isa = XCConfigurationList;
			buildConfigurations = (
				576E63F72B8700B0009CA8A1 /* Debug */,
				576E63F82B8700B0009CA8A1 /* Release */,
			);
			defaultConfigurationIsVisible = 0;
			defaultConfigurationName = Release;
		};
/* End XCConfigurationList section */

/* Begin XCSwiftPackageProductDependency section */
		576E63E62B8700AF009CA8A1 /* RealityKitContent */ = {
			isa = XCSwiftPackageProductDependency;
			productName = RealityKitContent;
		};
/* End XCSwiftPackageProductDependency section */
	};
	rootObject = 576E63D92B8700AF009CA8A1 /* Project object */;
}
